
Microsoft Visual Studio Solution File, Format Version 12.00
# Visual Studio Version 17
VisualStudioVersion = 17.11.35208.52
MinimumVisualStudioVersion = 10.0.40219.1
Project("{9A19103F-16F7-4668-BE54-9A1E7A4F7556}") = "SportsClubSystem", "SportsClubSystem\SportsClubSystem.csproj", "{C28F6A97-82FC-44E4-A3F6-60AB68E2FD08}"
EndProject
Global
	GlobalSection(SolutionConfigurationPlatforms) = preSolution
		Debug|Any CPU = Debug|Any CPU
		Release|Any CPU = Release|Any CPU
	EndGlobalSection
	GlobalSection(ProjectConfigurationPlatforms) = postSolution
		{C28F6A97-82FC-44E4-A3F6-60AB68E2FD08}.Debug|Any CPU.ActiveCfg = Debug|Any CPU
		{C28F6A97-82FC-44E4-A3F6-60AB68E2FD08}.Debug|Any CPU.Build.0 = Debug|Any CPU
		{C28F6A97-82FC-44E4-A3F6-60AB68E2FD08}.Release|Any CPU.ActiveCfg = Release|Any CPU
		{C28F6A97-82FC-44E4-A3F6-60AB68E2FD08}.Release|Any CPU.Build.0 = Release|Any CPU
	EndGlobalSection
	GlobalSection(SolutionProperties) = preSolution
		HideSolutionNode = FALSE
	EndGlobalSection
	GlobalSection(ExtensibilityGlobals) = postSolution
		SolutionGuid = {0428EB32-75C8-4166-ADF1-9AC3C60A8312}
	EndGlobalSection
EndGlobal
